
Microsoft Visual Studio Solution File, Format Version 12.00
# Visual Studio Version 16
VisualStudioVersion = 16.0.29403.142
MinimumVisualStudioVersion = 10.0.40219.1
Project("{FAE04EC0-301F-11D3-BF4B-00C04F79EFBC}") = "Labo1", "Labo1\Labo1.csproj", "{99B8D66C-EF8F-4026-92D0-5A46488695BA}"
EndProject
Global
	GlobalSection(SolutionConfigurationPlatforms) = preSolution
		Debug|Any CPU = Debug|Any CPU
		Release|Any CPU = Release|Any CPU
	EndGlobalSection
	GlobalSection(ProjectConfigurationPlatforms) = postSolution
		{99B8D66C-EF8F-4026-92D0-5A46488695BA}.Debug|Any CPU.ActiveCfg = Debug|Any CPU
		{99B8D66C-EF8F-4026-92D0-5A46488695BA}.Debug|Any CPU.Build.0 = Debug|Any CPU
		{99B8D66C-EF8F-4026-92D0-5A46488695BA}.Release|Any CPU.ActiveCfg = Release|Any CPU
		{99B8D66C-EF8F-4026-92D0-5A46488695BA}.Release|Any CPU.Build.0 = Release|Any CPU
	EndGlobalSection
	GlobalSection(SolutionProperties) = preSolution
		HideSolutionNode = FALSE
	EndGlobalSection
	GlobalSection(ExtensibilityGlobals) = postSolution
		SolutionGuid = {B3792C75-B529-4346-9D33-9048CD7E67C5}
	EndGlobalSection
EndGlobal
